
Microsoft Visual Studio Solution File, Format Version 12.00
# Visual Studio Version 17
VisualStudioVersion = 17.11.35219.272
MinimumVisualStudioVersion = 10.0.40219.1
Project("{FAE04EC0-301F-11D3-BF4B-00C04F79EFBC}") = "Esercitazione_2.1", "Esercitazione_2.1\Esercitazione_2.1.csproj", "{79184CDD-AA07-462E-AC0F-B3DEF4AA7F29}"
EndProject
Global
	GlobalSection(SolutionConfigurationPlatforms) = preSolution
		Debug|Any CPU = Debug|Any CPU
		Release|Any CPU = Release|Any CPU
	EndGlobalSection
	GlobalSection(ProjectConfigurationPlatforms) = postSolution
		{79184CDD-AA07-462E-AC0F-B3DEF4AA7F29}.Debug|Any CPU.ActiveCfg = Debug|Any CPU
		{79184CDD-AA07-462E-AC0F-B3DEF4AA7F29}.Debug|Any CPU.Build.0 = Debug|Any CPU
		{79184CDD-AA07-462E-AC0F-B3DEF4AA7F29}.Release|Any CPU.ActiveCfg = Release|Any CPU
		{79184CDD-AA07-462E-AC0F-B3DEF4AA7F29}.Release|Any CPU.Build.0 = Release|Any CPU
	EndGlobalSection
	GlobalSection(SolutionProperties) = preSolution
		HideSolutionNode = FALSE
	EndGlobalSection
	GlobalSection(ExtensibilityGlobals) = postSolution
		SolutionGuid = {0A3B2F2D-9CA8-4E83-889B-817BA78CE259}
	EndGlobalSection
EndGlobal
